
Microsoft Visual Studio Solution File, Format Version 12.00
# Visual Studio Version 16
VisualStudioVersion = 16.0.31424.327
MinimumVisualStudioVersion = 10.0.40219.1
Project("{FAE04EC0-301F-11D3-BF4B-00C04F79EFBC}") = "Initiate Symbols", "Initiate\Initiate Symbols.csproj", "{A2EC6D16-1BEA-4B27-9103-26D33167136D}"
EndProject
Project("{FAE04EC0-301F-11D3-BF4B-00C04F79EFBC}") = "Information", "GameInfo\Information.csproj", "{7BAAE17C-1713-437E-9CDC-4029247FD968}"
EndProject
Project("{FAE04EC0-301F-11D3-BF4B-00C04F79EFBC}") = "Initiate Board", "InitiateBoard\Initiate Board.csproj", "{733994F2-E4D6-41AA-A888-F409EE14809F}"
EndProject
Project("{FAE04EC0-301F-11D3-BF4B-00C04F79EFBC}") = "SweetBonanzaGame", "SweetBonanzaGame\SweetBonanzaGame.csproj", "{FCE43008-AC6A-4D29-B6D8-C7510884C036}"
EndProject
Global
	GlobalSection(SolutionConfigurationPlatforms) = preSolution
		Debug|Any CPU = Debug|Any CPU
		Release|Any CPU = Release|Any CPU
	EndGlobalSection
	GlobalSection(ProjectConfigurationPlatforms) = postSolution
		{A2EC6D16-1BEA-4B27-9103-26D33167136D}.Debug|Any CPU.ActiveCfg = Debug|Any CPU
		{A2EC6D16-1BEA-4B27-9103-26D33167136D}.Debug|Any CPU.Build.0 = Debug|Any CPU
		{A2EC6D16-1BEA-4B27-9103-26D33167136D}.Release|Any CPU.ActiveCfg = Release|Any CPU
		{A2EC6D16-1BEA-4B27-9103-26D33167136D}.Release|Any CPU.Build.0 = Release|Any CPU
		{7BAAE17C-1713-437E-9CDC-4029247FD968}.Debug|Any CPU.ActiveCfg = Debug|Any CPU
		{7BAAE17C-1713-437E-9CDC-4029247FD968}.Debug|Any CPU.Build.0 = Debug|Any CPU
		{7BAAE17C-1713-437E-9CDC-4029247FD968}.Release|Any CPU.ActiveCfg = Release|Any CPU
		{7BAAE17C-1713-437E-9CDC-4029247FD968}.Release|Any CPU.Build.0 = Release|Any CPU
		{733994F2-E4D6-41AA-A888-F409EE14809F}.Debug|Any CPU.ActiveCfg = Debug|Any CPU
		{733994F2-E4D6-41AA-A888-F409EE14809F}.Debug|Any CPU.Build.0 = Debug|Any CPU
		{733994F2-E4D6-41AA-A888-F409EE14809F}.Release|Any CPU.ActiveCfg = Release|Any CPU
		{733994F2-E4D6-41AA-A888-F409EE14809F}.Release|Any CPU.Build.0 = Release|Any CPU
		{FCE43008-AC6A-4D29-B6D8-C7510884C036}.Debug|Any CPU.ActiveCfg = Debug|Any CPU
		{FCE43008-AC6A-4D29-B6D8-C7510884C036}.Debug|Any CPU.Build.0 = Debug|Any CPU
		{FCE43008-AC6A-4D29-B6D8-C7510884C036}.Release|Any CPU.ActiveCfg = Release|Any CPU
		{FCE43008-AC6A-4D29-B6D8-C7510884C036}.Release|Any CPU.Build.0 = Release|Any CPU
	EndGlobalSection
	GlobalSection(SolutionProperties) = preSolution
		HideSolutionNode = FALSE
	EndGlobalSection
	GlobalSection(ExtensibilityGlobals) = postSolution
		SolutionGuid = {11D73A54-0B73-4653-B8C2-176454332D54}
	EndGlobalSection
EndGlobal
